{
  "name": "thread_rust",
  "version": "0.1.0",
  "lockfileVersion": 1,
  "requires": true,
  "dependencies": {
    "cargo-cp-artifact": {
      "version": "0.1.5",
      "resolved": "https://registry.npmmirror.com/cargo-cp-artifact/download/cargo-cp-artifact-0.1.5.tgz",
      "integrity": "sha1-LDX31ljyKs/psfondDRNmjie/RQ=",
      "dev": true
    }
  }
}
